// !$*UTF8*$!
{
	archiveVersion = 1;
	classes = {
	};
	objectVersion = 46;
	objects = {

/* Begin PBXBuildFile section */
		6340338A1A22798D008D8BE0 /* QuartzCore.framework in Frameworks */ = {isa = PBXBuildFile; fileRef = 634033891A22798D008D8BE0 /* QuartzCore.framework */; };
		6340338C1A2279A4008D8BE0 /* OpenGLES.framework in Frameworks */ = {isa = PBXBuildFile; fileRef = 6340338B1A2279A4008D8BE0 /* OpenGLES.framework */; };
		639D788D1A1E83C400756AAA /* main.m in Sources */ = {isa = PBXBuildFile; fileRef = 639D788C1A1E83C400756AAA /* main.m */; };
		639D78901A1E83C400756AAA /* AppDelegate.m in Sources */ = {isa = PBXBuildFile; fileRef = 639D788F1A1E83C400756AAA /* AppDelegate.m */; };
		639D78931A1E83C400756AAA /* ViewController.m in Sources */ = {isa = PBXBuildFile; fileRef = 639D78921A1E83C400756AAA /* ViewController.m */; };
		639D78961A1E83C400756AAA /* Main.storyboard in Resources */ = {isa = PBXBuildFile; fileRef = 639D78941A1E83C400756AAA /* Main.storyboard */; };
		639D78981A1E83C400756AAA /* Images.xcassets in Resources */ = {isa = PBXBuildFile; fileRef = 639D78971A1E83C400756AAA /* Images.xcassets */; };
		639D789B1A1E83C400756AAA /* LaunchScreen.xib in Resources */ = {isa = PBXBuildFile; fileRef = 639D78991A1E83C400756AAA /* LaunchScreen.xib */; };
		639D78A71A1E83C500756AAA /* Milvenan_Graphics_ProjectTests.m in Sources */ = {isa = PBXBuildFile; fileRef = 639D78A61A1E83C500756AAA /* Milvenan_Graphics_ProjectTests.m */; };
		63A9A9D81A23D47800860A99 /* Shader.m in Sources */ = {isa = PBXBuildFile; fileRef = 63A9A9D71A23D47800860A99 /* Shader.m */; };
		63C9CE9C1A22A2800008D776 /* SimpleVertex.glsl in Resources */ = {isa = PBXBuildFile; fileRef = 63C9CE9B1A22A2800008D776 /* SimpleVertex.glsl */; };
		63C9CE9E1A22A2960008D776 /* SimpleFragment.glsl in Resources */ = {isa = PBXBuildFile; fileRef = 63C9CE9D1A22A2960008D776 /* SimpleFragment.glsl */; };
/* End PBXBuildFile section */

/* Begin PBXContainerItemProxy section */
		639D78A11A1E83C500756AAA /* PBXContainerItemProxy */ = {
			isa = PBXContainerItemProxy;
			containerPortal = 639D787F1A1E83C400756AAA /* Project object */;
			proxyType = 1;
			remoteGlobalIDString = 639D78861A1E83C400756AAA;
			remoteInfo = "Milvenan Graphics Project";
		};
/* End PBXContainerItemProxy section */

/* Begin PBXFileReference section */
		634033891A22798D008D8BE0 /* QuartzCore.framework */ = {isa = PBXFileReference; lastKnownFileType = wrapper.framework; name = QuartzCore.framework; path = System/Library/Frameworks/QuartzCore.framework; sourceTree = SDKROOT; };
		6340338B1A2279A4008D8BE0 /* OpenGLES.framework */ = {isa = PBXFileReference; lastKnownFileType = wrapper.framework; name = OpenGLES.framework; path = System/Library/Frameworks/OpenGLES.framework; sourceTree = SDKROOT; };
		639D78871A1E83C400756AAA /* Milvenan Graphics Project.app */ = {isa = PBXFileReference; explicitFileType = wrapper.application; includeInIndex = 0; path = "Milvenan Graphics Project.app"; sourceTree = BUILT_PRODUCTS_DIR; };
		639D788B1A1E83C400756AAA /* Info.plist */ = {isa = PBXFileReference; lastKnownFileType = text.plist.xml; path = Info.plist; sourceTree = "<group>"; };
		639D788C1A1E83C400756AAA /* main.m */ = {isa = PBXFileReference; lastKnownFileType = sourcecode.c.objc; path = main.m; sourceTree = "<group>"; };
		639D788E1A1E83C400756AAA /* AppDelegate.h */ = {isa = PBXFileReference; lastKnownFileType = sourcecode.c.h; path = AppDelegate.h; sourceTree = "<group>"; };
		639D788F1A1E83C400756AAA /* AppDelegate.m */ = {isa = PBXFileReference; lastKnownFileType = sourcecode.c.objc; path = AppDelegate.m; sourceTree = "<group>"; };
		639D78911A1E83C400756AAA /* ViewController.h */ = {isa = PBXFileReference; lastKnownFileType = sourcecode.c.h; path = ViewController.h; sourceTree = "<group>"; };
		639D78921A1E83C400756AAA /* ViewController.m */ = {isa = PBXFileReference; lastKnownFileType = sourcecode.c.objc; path = ViewController.m; sourceTree = "<group>"; };
		639D78951A1E83C400756AAA /* Base */ = {isa = PBXFileReference; lastKnownFileType = file.storyboard; name = Base; path = Base.lproj/Main.storyboard; sourceTree = "<group>"; };
		639D78971A1E83C400756AAA /* Images.xcassets */ = {isa = PBXFileReference; lastKnownFileType = folder.assetcatalog; path = Images.xcassets; sourceTree = "<group>"; };
		639D789A1A1E83C400756AAA /* Base */ = {isa = PBXFileReference; lastKnownFileType = file.xib; name = Base; path = Base.lproj/LaunchScreen.xib; sourceTree = "<group>"; };
		639D78A01A1E83C500756AAA /* Milvenan Graphics ProjectTests.xctest */ = {isa = PBXFileReference; explicitFileType = wrapper.cfbundle; includeInIndex = 0; path = "Milvenan Graphics ProjectTests.xctest"; sourceTree = BUILT_PRODUCTS_DIR; };
		639D78A51A1E83C500756AAA /* Info.plist */ = {isa = PBXFileReference; lastKnownFileType = text.plist.xml; path = Info.plist; sourceTree = "<group>"; };
		639D78A61A1E83C500756AAA /* Milvenan_Graphics_ProjectTests.m */ = {isa = PBXFileReference; lastKnownFileType = sourcecode.c.objc; path = Milvenan_Graphics_ProjectTests.m; sourceTree = "<group>"; };
		63A9A9D51A23D33900860A99 /* SceneVertex.h */ = {isa = PBXFileReference; lastKnownFileType = sourcecode.c.h; path = SceneVertex.h; sourceTree = "<group>"; };
		63A9A9D61A23D47800860A99 /* Shader.h */ = {isa = PBXFileReference; fileEncoding = 4; lastKnownFileType = sourcecode.c.h; path = Shader.h; sourceTree = "<group>"; };
		63A9A9D71A23D47800860A99 /* Shader.m */ = {isa = PBXFileReference; fileEncoding = 4; lastKnownFileType = sourcecode.c.objc; path = Shader.m; sourceTree = "<group>"; };
		63C9CE9B1A22A2800008D776 /* SimpleVertex.glsl */ = {isa = PBXFileReference; fileEncoding = 4; lastKnownFileType = text; path = SimpleVertex.glsl; sourceTree = "<group>"; };
		63C9CE9D1A22A2960008D776 /* SimpleFragment.glsl */ = {isa = PBXFileReference; fileEncoding = 4; lastKnownFileType = text; name = SimpleFragment.glsl; path = ../SimpleFragment.glsl; sourceTree = "<group>"; };
/* End PBXFileReference section */

/* Begin PBXFrameworksBuildPhase section */
		639D78841A1E83C400756AAA /* Frameworks */ = {
			isa = PBXFrameworksBuildPhase;
			buildActionMask = 2147483647;
			files = (
				6340338C1A2279A4008D8BE0 /* OpenGLES.framework in Frameworks */,
				6340338A1A22798D008D8BE0 /* QuartzCore.framework in Frameworks */,
			);
			runOnlyForDeploymentPostprocessing = 0;
		};
		639D789D1A1E83C500756AAA /* Frameworks */ = {
			isa = PBXFrameworksBuildPhase;
			buildActionMask = 2147483647;
			files = (
			);
			runOnlyForDeploymentPostprocessing = 0;
		};
/* End PBXFrameworksBuildPhase section */

/* Begin PBXGroup section */
		639D787E1A1E83C400756AAA = {
			isa = PBXGroup;
			children = (
				6340338B1A2279A4008D8BE0 /* OpenGLES.framework */,
				634033891A22798D008D8BE0 /* QuartzCore.framework */,
				639D78891A1E83C400756AAA /* Milvenan Graphics Project */,
				639D78A31A1E83C500756AAA /* Milvenan Graphics ProjectTests */,
				639D78881A1E83C400756AAA /* Products */,
			);
			sourceTree = "<group>";
		};
		639D78881A1E83C400756AAA /* Products */ = {
			isa = PBXGroup;
			children = (
				639D78871A1E83C400756AAA /* Milvenan Graphics Project.app */,
				639D78A01A1E83C500756AAA /* Milvenan Graphics ProjectTests.xctest */,
			);
			name = Products;
			sourceTree = "<group>";
		};
		639D78891A1E83C400756AAA /* Milvenan Graphics Project */ = {
			isa = PBXGroup;
			children = (
				639D788E1A1E83C400756AAA /* AppDelegate.h */,
				639D788F1A1E83C400756AAA /* AppDelegate.m */,
				639D78911A1E83C400756AAA /* ViewController.h */,
				639D78921A1E83C400756AAA /* ViewController.m */,
				63A9A9D61A23D47800860A99 /* Shader.h */,
				63A9A9D71A23D47800860A99 /* Shader.m */,
				63A9A9D51A23D33900860A99 /* SceneVertex.h */,
				639D78941A1E83C400756AAA /* Main.storyboard */,
				639D78971A1E83C400756AAA /* Images.xcassets */,
				639D78991A1E83C400756AAA /* LaunchScreen.xib */,
				639D788A1A1E83C400756AAA /* Supporting Files */,
			);
			path = "Milvenan Graphics Project";
			sourceTree = "<group>";
		};
		639D788A1A1E83C400756AAA /* Supporting Files */ = {
			isa = PBXGroup;
			children = (
				63C9CE9B1A22A2800008D776 /* SimpleVertex.glsl */,
				63C9CE9D1A22A2960008D776 /* SimpleFragment.glsl */,
				639D788B1A1E83C400756AAA /* Info.plist */,
				639D788C1A1E83C400756AAA /* main.m */,
			);
			name = "Supporting Files";
			sourceTree = "<group>";
		};
		639D78A31A1E83C500756AAA /* Milvenan Graphics ProjectTests */ = {
			isa = PBXGroup;
			children = (
				639D78A61A1E83C500756AAA /* Milvenan_Graphics_ProjectTests.m */,
				639D78A41A1E83C500756AAA /* Supporting Files */,
			);
			path = "Milvenan Graphics ProjectTests";
			sourceTree = "<group>";
		};
		639D78A41A1E83C500756AAA /* Supporting Files */ = {
			isa = PBXGroup;
			children = (
				639D78A51A1E83C500756AAA /* Info.plist */,
			);
			name = "Supporting Files";
			sourceTree = "<group>";
		};
/* End PBXGroup section */

/* Begin PBXNativeTarget section */
		639D78861A1E83C400756AAA /* Milvenan Graphics Project */ = {
			isa = PBXNativeTarget;
			buildConfigurationList = 639D78AA1A1E83C500756AAA /* Build configuration list for PBXNativeTarget "Milvenan Graphics Project" */;
			buildPhases = (
				639D78831A1E83C400756AAA /* Sources */,
				639D78841A1E83C400756AAA /* Frameworks */,
				639D78851A1E83C400756AAA /* Resources */,
			);
			buildRules = (
			);
			dependencies = (
			);
			name = "Milvenan Graphics Project";
			productName = "Milvenan Graphics Project";
			productReference = 639D78871A1E83C400756AAA /* Milvenan Graphics Project.app */;
			productType = "com.apple.product-type.application";
		};
		639D789F1A1E83C500756AAA /* Milvenan Graphics ProjectTests */ = {
			isa = PBXNativeTarget;
			buildConfigurationList = 639D78AD1A1E83C500756AAA /* Build configuration list for PBXNativeTarget "Milvenan Graphics ProjectTests" */;
			buildPhases = (
				639D789C1A1E83C500756AAA /* Sources */,
				639D789D1A1E83C500756AAA /* Frameworks */,
				639D789E1A1E83C500756AAA /* Resources */,
			);
			buildRules = (
			);
			dependencies = (
				639D78A21A1E83C500756AAA /* PBXTargetDependency */,
			);
			name = "Milvenan Graphics ProjectTests";
			productName = "Milvenan Graphics ProjectTests";
			productReference = 639D78A01A1E83C500756AAA /* Milvenan Graphics ProjectTests.xctest */;
			productType = "com.apple.product-type.bundle.unit-test";
		};
/* End PBXNativeTarget section */

/* Begin PBXProject section */
		639D787F1A1E83C400756AAA /* Project object */ = {
			isa = PBXProject;
			attributes = {
				LastUpgradeCheck = 0610;
				ORGANIZATIONNAME = "Ryan Milvenan";
				TargetAttributes = {
					639D78861A1E83C400756AAA = {
						CreatedOnToolsVersion = 6.1;
					};
					639D789F1A1E83C500756AAA = {
						CreatedOnToolsVersion = 6.1;
						TestTargetID = 639D78861A1E83C400756AAA;
					};
				};
			};
			buildConfigurationList = 639D78821A1E83C400756AAA /* Build configuration list for PBXProject "Milvenan Graphics Project" */;
			compatibilityVersion = "Xcode 3.2";
			developmentRegion = English;
			hasScannedForEncodings = 0;
			knownRegions = (
				en,
				Base,
			);
			mainGroup = 639D787E1A1E83C400756AAA;
			productRefGroup = 639D78881A1E83C400756AAA /* Products */;
			projectDirPath = "";
			projectRoot = "";
			targets = (
				639D78861A1E83C400756AAA /* Milvenan Graphics Project */,
				639D789F1A1E83C500756AAA /* Milvenan Graphics ProjectTests */,
			);
		};
/* End PBXProject section */

/* Begin PBXResourcesBuildPhase section */
		639D78851A1E83C400756AAA /* Resources */ = {
			isa = PBXResourcesBuildPhase;
			buildActionMask = 2147483647;
			files = (
				639D78961A1E83C400756AAA /* Main.storyboard in Resources */,
				63C9CE9C1A22A2800008D776 /* SimpleVertex.glsl in Resources */,
				639D789B1A1E83C400756AAA /* LaunchScreen.xib in Resources */,
				639D78981A1E83C400756AAA /* Images.xcassets in Resources */,
				63C9CE9E1A22A2960008D776 /* SimpleFragment.glsl in Resources */,
			);
			runOnlyForDeploymentPostprocessing = 0;
		};
		639D789E1A1E83C500756AAA /* Resources */ = {
			isa = PBXResourcesBuildPhase;
			buildActionMask = 2147483647;
			files = (
			);
			runOnlyForDeploymentPostprocessing = 0;
		};
/* End PBXResourcesBuildPhase section */

/* Begin PBXSourcesBuildPhase section */
		639D78831A1E83C400756AAA /* Sources */ = {
			isa = PBXSourcesBuildPhase;
			buildActionMask = 2147483647;
			files = (
				639D78931A1E83C400756AAA /* ViewController.m in Sources */,
				639D78901A1E83C400756AAA /* AppDelegate.m in Sources */,
				63A9A9D81A23D47800860A99 /* Shader.m in Sources */,
				639D788D1A1E83C400756AAA /* main.m in Sources */,
			);
			runOnlyForDeploymentPostprocessing = 0;
		};
		639D789C1A1E83C500756AAA /* Sources */ = {
			isa = PBXSourcesBuildPhase;
			buildActionMask = 2147483647;
			files = (
				639D78A71A1E83C500756AAA /* Milvenan_Graphics_ProjectTests.m in Sources */,
			);
			runOnlyForDeploymentPostprocessing = 0;
		};
/* End PBXSourcesBuildPhase section */

/* Begin PBXTargetDependency section */
		639D78A21A1E83C500756AAA /* PBXTargetDependency */ = {
			isa = PBXTargetDependency;
			target = 639D78861A1E83C400756AAA /* Milvenan Graphics Project */;
			targetProxy = 639D78A11A1E83C500756AAA /* PBXContainerItemProxy */;
		};
/* End PBXTargetDependency section */

/* Begin PBXVariantGroup section */
		639D78941A1E83C400756AAA /* Main.storyboard */ = {
			isa = PBXVariantGroup;
			children = (
				639D78951A1E83C400756AAA /* Base */,
			);
			name = Main.storyboard;
			sourceTree = "<group>";
		};
		639D78991A1E83C400756AAA /* LaunchScreen.xib */ = {
			isa = PBXVariantGroup;
			children = (
				639D789A1A1E83C400756AAA /* Base */,
			);
			name = LaunchScreen.xib;
			sourceTree = "<group>";
		};
/* End PBXVariantGroup section */

/* Begin XCBuildConfiguration section */
		639D78A81A1E83C500756AAA /* Debug */ = {
			isa = XCBuildConfiguration;
			buildSettings = {
				ALWAYS_SEARCH_USER_PATHS = NO;
				CLANG_CXX_LANGUAGE_STANDARD = "gnu++0x";
				CLANG_CXX_LIBRARY = "libc++";
				CLANG_ENABLE_MODULES = YES;
				CLANG_ENABLE_OBJC_ARC = YES;
				CLANG_WARN_BOOL_CONVERSION = YES;
				CLANG_WARN_CONSTANT_CONVERSION = YES;
				CLANG_WARN_DIRECT_OBJC_ISA_USAGE = YES_ERROR;
				CLANG_WARN_EMPTY_BODY = YES;
				CLANG_WARN_ENUM_CONVERSION = YES;
				CLANG_WARN_INT_CONVERSION = YES;
				CLANG_WARN_OBJC_ROOT_CLASS = YES_ERROR;
				CLANG_WARN_UNREACHABLE_CODE = YES;
				CLANG_WARN__DUPLICATE_METHOD_MATCH = YES;
				"CODE_SIGN_IDENTITY[sdk=iphoneos*]" = "iPhone Developer";
				COPY_PHASE_STRIP = NO;
				ENABLE_STRICT_OBJC_MSGSEND = YES;
				GCC_C_LANGUAGE_STANDARD = gnu99;
				GCC_DYNAMIC_NO_PIC = NO;
				GCC_OPTIMIZATION_LEVEL = 0;
				GCC_PREPROCESSOR_DEFINITIONS = (
					"DEBUG=1",
					"$(inherited)",
				);
				GCC_SYMBOLS_PRIVATE_EXTERN = NO;
				GCC_WARN_64_TO_32_BIT_CONVERSION = YES;
				GCC_WARN_ABOUT_RETURN_TYPE = YES_ERROR;
				GCC_WARN_UNDECLARED_SELECTOR = YES;
				GCC_WARN_UNINITIALIZED_AUTOS = YES_AGGRESSIVE;
				GCC_WARN_UNUSED_FUNCTION = YES;
				GCC_WARN_UNUSED_VARIABLE = YES;
				IPHONEOS_DEPLOYMENT_TARGET = 8.1;
				MTL_ENABLE_DEBUG_INFO = YES;
				ONLY_ACTIVE_ARCH = YES;
				SDKROOT = iphoneos;
			};
			name = Debug;
		};
		639D78A91A1E83C500756AAA /* Release */ = {
			isa = XCBuildConfiguration;
			buildSettings = {
				ALWAYS_SEARCH_USER_PATHS = NO;
				CLANG_CXX_LANGUAGE_STANDARD = "gnu++0x";
				CLANG_CXX_LIBRARY = "libc++";
				CLANG_ENABLE_MODULES = YES;
				CLANG_ENABLE_OBJC_ARC = YES;
				CLANG_WARN_BOOL_CONVERSION = YES;
				CLANG_WARN_CONSTANT_CONVERSION = YES;
				CLANG_WARN_DIRECT_OBJC_ISA_USAGE = YES_ERROR;
				CLANG_WARN_EMPTY_BODY = YES;
				CLANG_WARN_ENUM_CONVERSION = YES;
				CLANG_WARN_INT_CONVERSION = YES;
				CLANG_WARN_OBJC_ROOT_CLASS = YES_ERROR;
				CLANG_WARN_UNREACHABLE_CODE = YES;
				CLANG_WARN__DUPLICATE_METHOD_MATCH = YES;
				"CODE_SIGN_IDENTITY[sdk=iphoneos*]" = "iPhone Developer";
				COPY_PHASE_STRIP = YES;
				ENABLE_NS_ASSERTIONS = NO;
				ENABLE_STRICT_OBJC_MSGSEND = YES;
				GCC_C_LANGUAGE_STANDARD = gnu99;
				GCC_WARN_64_TO_32_BIT_CONVERSION = YES;
				GCC_WARN_ABOUT_RETURN_TYPE = YES_ERROR;
				GCC_WARN_UNDECLARED_SELECTOR = YES;
				GCC_WARN_UNINITIALIZED_AUTOS = YES_AGGRESSIVE;
				GCC_WARN_UNUSED_FUNCTION = YES;
				GCC_WARN_UNUSED_VARIABLE = YES;
				IPHONEOS_DEPLOYMENT_TARGET = 8.1;
				MTL_ENABLE_DEBUG_INFO = NO;
				SDKROOT = iphoneos;
				VALIDATE_PRODUCT = YES;
			};
			name = Release;
		};
		639D78AB1A1E83C500756AAA /* Debug */ = {
			isa = XCBuildConfiguration;
			buildSettings = {
				ASSETCATALOG_COMPILER_APPICON_NAME = AppIcon;
				INFOPLIST_FILE = "Milvenan Graphics Project/Info.plist";
				LD_RUNPATH_SEARCH_PATHS = "$(inherited) @executable_path/Frameworks";
				PRODUCT_NAME = "$(TARGET_NAME)";
			};
			name = Debug;
		};
		639D78AC1A1E83C500756AAA /* Release */ = {
			isa = XCBuildConfiguration;
			buildSettings = {
				ASSETCATALOG_COMPILER_APPICON_NAME = AppIcon;
				INFOPLIST_FILE = "Milvenan Graphics Project/Info.plist";
				LD_RUNPATH_SEARCH_PATHS = "$(inherited) @executable_path/Frameworks";
				PRODUCT_NAME = "$(TARGET_NAME)";
			};
			name = Release;
		};
		639D78AE1A1E83C500756AAA /* Debug */ = {
			isa = XCBuildConfiguration;
			buildSettings = {
				BUNDLE_LOADER = "$(TEST_HOST)";
				FRAMEWORK_SEARCH_PATHS = (
					"$(SDKROOT)/Developer/Library/Frameworks",
					"$(inherited)",
				);
				GCC_PREPROCESSOR_DEFINITIONS = (
					"DEBUG=1",
					"$(inherited)",
				);
				INFOPLIST_FILE = "Milvenan Graphics ProjectTests/Info.plist";
				LD_RUNPATH_SEARCH_PATHS = "$(inherited) @executable_path/Frameworks @loader_path/Frameworks";
				PRODUCT_NAME = "$(TARGET_NAME)";
				TEST_HOST = "$(BUILT_PRODUCTS_DIR)/Milvenan Graphics Project.app/Milvenan Graphics Project";
			};
			name = Debug;
		};
		639D78AF1A1E83C500756AAA /* Release */ = {
			isa = XCBuildConfiguration;
			buildSettings = {
				BUNDLE_LOADER = "$(TEST_HOST)";
				FRAMEWORK_SEARCH_PATHS = (
					"$(SDKROOT)/Developer/Library/Frameworks",
					"$(inherited)",
				);
				INFOPLIST_FILE = "Milvenan Graphics ProjectTests/Info.plist";
				LD_RUNPATH_SEARCH_PATHS = "$(inherited) @executable_path/Frameworks @loader_path/Frameworks";
				PRODUCT_NAME = "$(TARGET_NAME)";
				TEST_HOST = "$(BUILT_PRODUCTS_DIR)/Milvenan Graphics Project.app/Milvenan Graphics Project";
			};
			name = Release;
		};
/* End XCBuildConfiguration section */

/* Begin XCConfigurationList section */
		639D78821A1E83C400756AAA /* Build configuration list for PBXProject "Milvenan Graphics Project" */ = {
			isa = XCConfigurationList;
			buildConfigurations = (
				639D78A81A1E83C500756AAA /* Debug */,
				639D78A91A1E83C500756AAA /* Release */,
			);
			defaultConfigurationIsVisible = 0;
			defaultConfigurationName = Release;
		};
		639D78AA1A1E83C500756AAA /* Build configuration list for PBXNativeTarget "Milvenan Graphics Project" */ = {
			isa = XCConfigurationList;
			buildConfigurations = (
				639D78AB1A1E83C500756AAA /* Debug */,
				639D78AC1A1E83C500756AAA /* Release */,
			);
			defaultConfigurationIsVisible = 0;
			defaultConfigurationName = Release;
		};
		639D78AD1A1E83C500756AAA /* Build configuration list for PBXNativeTarget "Milvenan Graphics ProjectTests" */ = {
			isa = XCConfigurationList;
			buildConfigurations = (
				639D78AE1A1E83C500756AAA /* Debug */,
				639D78AF1A1E83C500756AAA /* Release */,
			);
			defaultConfigurationIsVisible = 0;
			defaultConfigurationName = Release;
		};
/* End XCConfigurationList section */
	};
	rootObject = 639D787F1A1E83C400756AAA /* Project object */;
}
